
Microsoft Visual Studio Solution File, Format Version 12.00
# Visual Studio Version 16
VisualStudioVersion = 16.0.31205.134
MinimumVisualStudioVersion = 10.0.40219.1
Project("{FAE04EC0-301F-11D3-BF4B-00C04F79EFBC}") = "AdapterPatternSample", "AdapterPatternSample\AdapterPatternSample.csproj", "{9909D444-329F-4CA8-888E-F9BD34C5CFF9}"
EndProject
Global
	GlobalSection(SolutionConfigurationPlatforms) = preSolution
		Debug|Any CPU = Debug|Any CPU
		Release|Any CPU = Release|Any CPU
	EndGlobalSection
	GlobalSection(ProjectConfigurationPlatforms) = postSolution
		{9909D444-329F-4CA8-888E-F9BD34C5CFF9}.Debug|Any CPU.ActiveCfg = Debug|Any CPU
		{9909D444-329F-4CA8-888E-F9BD34C5CFF9}.Debug|Any CPU.Build.0 = Debug|Any CPU
		{9909D444-329F-4CA8-888E-F9BD34C5CFF9}.Release|Any CPU.ActiveCfg = Release|Any CPU
		{9909D444-329F-4CA8-888E-F9BD34C5CFF9}.Release|Any CPU.Build.0 = Release|Any CPU
	EndGlobalSection
	GlobalSection(SolutionProperties) = preSolution
		HideSolutionNode = FALSE
	EndGlobalSection
	GlobalSection(ExtensibilityGlobals) = postSolution
		SolutionGuid = {34332DA3-3E6B-44CD-9350-A238991F9E74}
	EndGlobalSection
EndGlobal
